
Microsoft Visual Studio Solution File, Format Version 12.00
# Visual Studio Version 17
VisualStudioVersion = 17.13.35818.85 d17.13
MinimumVisualStudioVersion = 10.0.40219.1
Project("{FAE04EC0-301F-11D3-BF4B-00C04F79EFBC}") = "55_4_7", "55_4_7\55_4_7.csproj", "{8A397BC5-C242-43C0-8406-EE00E5F24954}"
EndProject
Global
	GlobalSection(SolutionConfigurationPlatforms) = preSolution
		Debug|Any CPU = Debug|Any CPU
		Release|Any CPU = Release|Any CPU
	EndGlobalSection
	GlobalSection(ProjectConfigurationPlatforms) = postSolution
		{8A397BC5-C242-43C0-8406-EE00E5F24954}.Debug|Any CPU.ActiveCfg = Debug|Any CPU
		{8A397BC5-C242-43C0-8406-EE00E5F24954}.Debug|Any CPU.Build.0 = Debug|Any CPU
		{8A397BC5-C242-43C0-8406-EE00E5F24954}.Release|Any CPU.ActiveCfg = Release|Any CPU
		{8A397BC5-C242-43C0-8406-EE00E5F24954}.Release|Any CPU.Build.0 = Release|Any CPU
	EndGlobalSection
	GlobalSection(SolutionProperties) = preSolution
		HideSolutionNode = FALSE
	EndGlobalSection
	GlobalSection(ExtensibilityGlobals) = postSolution
		SolutionGuid = {ABE0EF3F-C52A-42FF-B57C-66ABF7EFA38B}
	EndGlobalSection
EndGlobal
